
Microsoft Visual Studio Solution File, Format Version 12.00
# Visual Studio Version 17
VisualStudioVersion = 17.14.36414.22 d17.14
MinimumVisualStudioVersion = 10.0.40219.1
Project("{FAE04EC0-301F-11D3-BF4B-00C04F79EFBC}") = "MauiMockup", "MauiMockup.csproj", "{6717B4B5-03D8-40D9-B1B1-80D9C4A668CD}"
EndProject
Global
	GlobalSection(SolutionConfigurationPlatforms) = preSolution
		Debug|Any CPU = Debug|Any CPU
		Release|Any CPU = Release|Any CPU
	EndGlobalSection
	GlobalSection(ProjectConfigurationPlatforms) = postSolution
		{6717B4B5-03D8-40D9-B1B1-80D9C4A668CD}.Debug|Any CPU.ActiveCfg = Debug|Any CPU
		{6717B4B5-03D8-40D9-B1B1-80D9C4A668CD}.Debug|Any CPU.Build.0 = Debug|Any CPU
		{6717B4B5-03D8-40D9-B1B1-80D9C4A668CD}.Release|Any CPU.ActiveCfg = Release|Any CPU
		{6717B4B5-03D8-40D9-B1B1-80D9C4A668CD}.Release|Any CPU.Build.0 = Release|Any CPU
	EndGlobalSection
	GlobalSection(SolutionProperties) = preSolution
		HideSolutionNode = FALSE
	EndGlobalSection
	GlobalSection(ExtensibilityGlobals) = postSolution
		SolutionGuid = {61568B52-302E-4A55-9597-7D561EFFF6AF}
	EndGlobalSection
EndGlobal
